// !$*UTF8*$!
{
	archiveVersion = 1;
	classes = {
	};
	objectVersion = 77;
	objects = {

/* Begin PBXBuildFile section */
		489BBF12304318BB00F4828F /* MovieListView.swift in Sources */ = {isa = PBXBuildFile; fileRef = 489BBF10304318B700F4828F /* MovieListView.swift */; };
		489BBF1330431AAA00F4828F /* Movie.swift in Sources */ = {isa = PBXBuildFile; fileRef = 489BBF0730430C4800F4828F /* Movie.swift */; };
		489BBF1430431AAA00F4828F /* MovieService.swift in Sources */ = {isa = PBXBuildFile; fileRef = 489BBF0830430C9600F4828F /* MovieService.swift */; };
		489BBF1530431AAA00F4828F /* MovieViewModel.swift in Sources */ = {isa = PBXBuildFile; fileRef = 489BBF0930430D2200F4828F /* MovieViewModel.swift */; };
		489BBF1630431AAA00F4828F /* MovieRowView.swift in Sources */ = {isa = PBXBuildFile; fileRef = 489BBF0A30430E1500F4828F /* MovieRowView.swift */; };
		489BBF1A30432C3400F4828F /* User.swift in Sources */ = {isa = PBXBuildFile; fileRef = 489BBF1930432C3300F4828F /* User.swift */; };
		489BBF2030432C7000F4828F /* LoginView.swift in Sources */ = {isa = PBXBuildFile; fileRef = 489BBF1F30432C6D00F4828F /* LoginView.swift */; };
		489BBF2230432C7D00F4828F /* RegisterView.swift in Sources */ = {isa = PBXBuildFile; fileRef = 489BBF2130432C7900F4828F /* RegisterView.swift */; };
		489BBF2430432C8400F4828F /* HomeView.swift in Sources */ = {isa = PBXBuildFile; fileRef = 489BBF2330432C8200F4828F /* HomeView.swift */; };
		489BBF2930432D0800F4828F /* UserStorageService.swift in Sources */ = {isa = PBXBuildFile; fileRef = 489BBF2830432D0600F4828F /* UserStorageService.swift */; };
		489BBF2B30432D2100F4828F /* RegisterViewModel.swift in Sources */ = {isa = PBXBuildFile; fileRef = 489BBF2A30432D2100F4828F /* RegisterViewModel.swift */; };
		489BBF2F30432D4400F4828F /* LoginViewModel.swift in Sources */ = {isa = PBXBuildFile; fileRef = 489BBF2E30432D4400F4828F /* LoginViewModel.swift */; };
		489BBF3C3043F57600F4828F /* MovieDetailView.swift in Sources */ = {isa = PBXBuildFile; fileRef = 489BBF3B3043F57200F4828F /* MovieDetailView.swift */; };
		489BBF3E3043F9BC00F4828F /* VideoPlayerScreen.swift in Sources */ = {isa = PBXBuildFile; fileRef = 489BBF3D3043F9AF00F4828F /* VideoPlayerScreen.swift */; };
		489BBF463043FF5400F4828F /* FavoritesView.swift in Sources */ = {isa = PBXBuildFile; fileRef = 489BBF453043FF5000F4828F /* FavoritesView.swift */; };
		489BBF4B3043FF7700F4828F /* ProfileView.swift in Sources */ = {isa = PBXBuildFile; fileRef = 489BBF4A3043FF7500F4828F /* ProfileView.swift */; };
		489BBF4D304405BC00F4828F /* ProfileRow.swift in Sources */ = {isa = PBXBuildFile; fileRef = 489BBF4C304405BB00F4828F /* ProfileRow.swift */; };
		489BBF50304ADE9400F4828F /* KeychainService.swift in Sources */ = {isa = PBXBuildFile; fileRef = 489BBF4F304ADCDF00F4828F /* KeychainService.swift */; };
/* End PBXBuildFile section */

/* Begin PBXFileReference section */
		489BBEF53042987700F4828F /* MovieExplorer.app */ = {isa = PBXFileReference; explicitFileType = wrapper.application; includeInIndex = 0; path = MovieExplorer.app; sourceTree = BUILT_PRODUCTS_DIR; };
		489BBF0730430C4800F4828F /* Movie.swift */ = {isa = PBXFileReference; lastKnownFileType = sourcecode.swift; path = Movie.swift; sourceTree = "<group>"; };
		489BBF0830430C9600F4828F /* MovieService.swift */ = {isa = PBXFileReference; lastKnownFileType = sourcecode.swift; path = MovieService.swift; sourceTree = "<group>"; };
		489BBF0930430D2200F4828F /* MovieViewModel.swift */ = {isa = PBXFileReference; lastKnownFileType = sourcecode.swift; path = MovieViewModel.swift; sourceTree = "<group>"; };
		489BBF0A30430E1500F4828F /* MovieRowView.swift */ = {isa = PBXFileReference; lastKnownFileType = sourcecode.swift; path = MovieRowView.swift; sourceTree = "<group>"; };
		489BBF10304318B700F4828F /* MovieListView.swift */ = {isa = PBXFileReference; lastKnownFileType = sourcecode.swift; path = MovieListView.swift; sourceTree = "<group>"; };
		489BBF1930432C3300F4828F /* User.swift */ = {isa = PBXFileReference; lastKnownFileType = sourcecode.swift; path = User.swift; sourceTree = "<group>"; };
		489BBF1F30432C6D00F4828F /* LoginView.swift */ = {isa = PBXFileReference; lastKnownFileType = sourcecode.swift; path = LoginView.swift; sourceTree = "<group>"; };
		489BBF2130432C7900F4828F /* RegisterView.swift */ = {isa = PBXFileReference; lastKnownFileType = sourcecode.swift; path = RegisterView.swift; sourceTree = "<group>"; };
		489BBF2330432C8200F4828F /* HomeView.swift */ = {isa = PBXFileReference; lastKnownFileType = sourcecode.swift; path = HomeView.swift; sourceTree = "<group>"; };
		489BBF2830432D0600F4828F /* UserStorageService.swift */ = {isa = PBXFileReference; lastKnownFileType = sourcecode.swift; path = UserStorageService.swift; sourceTree = "<group>"; };
		489BBF2A30432D2100F4828F /* RegisterViewModel.swift */ = {isa = PBXFileReference; lastKnownFileType = sourcecode.swift; path = RegisterViewModel.swift; sourceTree = "<group>"; };
		489BBF2E30432D4400F4828F /* LoginViewModel.swift */ = {isa = PBXFileReference; lastKnownFileType = sourcecode.swift; path = LoginViewModel.swift; sourceTree = "<group>"; };
		489BBF3B3043F57200F4828F /* MovieDetailView.swift */ = {isa = PBXFileReference; lastKnownFileType = sourcecode.swift; path = MovieDetailView.swift; sourceTree = "<group>"; };
		489BBF3D3043F9AF00F4828F /* VideoPlayerScreen.swift */ = {isa = PBXFileReference; lastKnownFileType = sourcecode.swift; path = VideoPlayerScreen.swift; sourceTree = "<group>"; };
		489BBF453043FF5000F4828F /* FavoritesView.swift */ = {isa = PBXFileReference; lastKnownFileType = sourcecode.swift; path = FavoritesView.swift; sourceTree = "<group>"; };
		489BBF4A3043FF7500F4828F /* ProfileView.swift */ = {isa = PBXFileReference; lastKnownFileType = sourcecode.swift; path = ProfileView.swift; sourceTree = "<group>"; };
		489BBF4C304405BB00F4828F /* ProfileRow.swift */ = {isa = PBXFileReference; lastKnownFileType = sourcecode.swift; path = ProfileRow.swift; sourceTree = "<group>"; };
		489BBF4F304ADCDF00F4828F /* KeychainService.swift */ = {isa = PBXFileReference; lastKnownFileType = sourcecode.swift; path = KeychainService.swift; sourceTree = "<group>"; };
/* End PBXFileReference section */

/* Begin PBXFileSystemSynchronizedRootGroup section */
		489BBEF73042987700F4828F /* MovieExplorer */ = {
			isa = PBXFileSystemSynchronizedRootGroup;
			path = MovieExplorer;
			sourceTree = "<group>";
		};
/* End PBXFileSystemSynchronizedRootGroup section */

/* Begin PBXFrameworksBuildPhase section */
		489BBEF23042987700F4828F /* Frameworks */ = {
			isa = PBXFrameworksBuildPhase;
			buildActionMask = 2147483647;
			files = (
			);
			runOnlyForDeploymentPostprocessing = 0;
		};
/* End PBXFrameworksBuildPhase section */

/* Begin PBXGroup section */
		489BBEEC3042987700F4828F = {
			isa = PBXGroup;
			children = (
				489BBF4E304ADCD900F4828F /* Utils */,
				489BBF0630430C3500F4828F /* Services */,
				489BBF0530430C2F00F4828F /* ViewModels */,
				489BBF0430430C2A00F4828F /* Views */,
				489BBF0330430B9900F4828F /* Models */,
				489BBEF73042987700F4828F /* MovieExplorer */,
				489BBEF63042987700F4828F /* Products */,
			);
			sourceTree = "<group>";
		};
		489BBEF63042987700F4828F /* Products */ = {
			isa = PBXGroup;
			children = (
				489BBEF53042987700F4828F /* MovieExplorer.app */,
			);
			name = Products;
			sourceTree = "<group>";
		};
		489BBF0330430B9900F4828F /* Models */ = {
			isa = PBXGroup;
			children = (
				489BBF1830432C2C00F4828F /* User */,
				489BBF0730430C4800F4828F /* Movie.swift */,
			);
			path = Models;
			sourceTree = "<group>";
		};
		489BBF0430430C2A00F4828F /* Views */ = {
			isa = PBXGroup;
			children = (
				489BBF413043FE3900F4828F /* MovieList */,
				489BBF403043FE1E00F4828F /* MovieDetail */,
				489BBF3F3043FE0F00F4828F /* VideoPlayer */,
				489BBF1E30432C6100F4828F /* UserViews */,
			);
			path = Views;
			sourceTree = "<group>";
		};
		489BBF0530430C2F00F4828F /* ViewModels */ = {
			isa = PBXGroup;
			children = (
				489BBF423043FE4A00F4828F /* MovieViewModel */,
				489BBF1C30432C4900F4828F /* RegistrationViewModel */,
				489BBF1B30432C3E00F4828F /* LoginViewModel */,
			);
			path = ViewModels;
			sourceTree = "<group>";
		};
		489BBF0630430C3500F4828F /* Services */ = {
			isa = PBXGroup;
			children = (
				489BBF433043FE8A00F4828F /* MovieService */,
				489BBF1D30432C5400F4828F /* UserStorageService */,
			);
			path = Services;
			sourceTree = "<group>";
		};
		489BBF1830432C2C00F4828F /* User */ = {
			isa = PBXGroup;
			children = (
				489BBF1930432C3300F4828F /* User.swift */,
			);
			path = User;
			sourceTree = "<group>";
		};
		489BBF1B30432C3E00F4828F /* LoginViewModel */ = {
			isa = PBXGroup;
			children = (
				489BBF2E30432D4400F4828F /* LoginViewModel.swift */,
			);
			path = LoginViewModel;
			sourceTree = "<group>";
		};
		489BBF1C30432C4900F4828F /* RegistrationViewModel */ = {
			isa = PBXGroup;
			children = (
				489BBF2A30432D2100F4828F /* RegisterViewModel.swift */,
			);
			path = RegistrationViewModel;
			sourceTree = "<group>";
		};
		489BBF1D30432C5400F4828F /* UserStorageService */ = {
			isa = PBXGroup;
			children = (
				489BBF2830432D0600F4828F /* UserStorageService.swift */,
			);
			path = UserStorageService;
			sourceTree = "<group>";
		};
		489BBF1E30432C6100F4828F /* UserViews */ = {
			isa = PBXGroup;
			children = (
				489BBF4C304405BB00F4828F /* ProfileRow.swift */,
				489BBF4A3043FF7500F4828F /* ProfileView.swift */,
				489BBF453043FF5000F4828F /* FavoritesView.swift */,
				489BBF2330432C8200F4828F /* HomeView.swift */,
				489BBF2130432C7900F4828F /* RegisterView.swift */,
				489BBF1F30432C6D00F4828F /* LoginView.swift */,
			);
			path = UserViews;
			sourceTree = "<group>";
		};
		489BBF3F3043FE0F00F4828F /* VideoPlayer */ = {
			isa = PBXGroup;
			children = (
				489BBF3D3043F9AF00F4828F /* VideoPlayerScreen.swift */,
			);
			path = VideoPlayer;
			sourceTree = "<group>";
		};
		489BBF403043FE1E00F4828F /* MovieDetail */ = {
			isa = PBXGroup;
			children = (
				489BBF3B3043F57200F4828F /* MovieDetailView.swift */,
			);
			path = MovieDetail;
			sourceTree = "<group>";
		};
		489BBF413043FE3900F4828F /* MovieList */ = {
			isa = PBXGroup;
			children = (
				489BBF0A30430E1500F4828F /* MovieRowView.swift */,
				489BBF10304318B700F4828F /* MovieListView.swift */,
			);
			path = MovieList;
			sourceTree = "<group>";
		};
		489BBF423043FE4A00F4828F /* MovieViewModel */ = {
			isa = PBXGroup;
			children = (
				489BBF0930430D2200F4828F /* MovieViewModel.swift */,
			);
			path = MovieViewModel;
			sourceTree = "<group>";
		};
		489BBF433043FE8A00F4828F /* MovieService */ = {
			isa = PBXGroup;
			children = (
				489BBF0830430C9600F4828F /* MovieService.swift */,
			);
			path = MovieService;
			sourceTree = "<group>";
		};
		489BBF4E304ADCD900F4828F /* Utils */ = {
			isa = PBXGroup;
			children = (
				489BBF4F304ADCDF00F4828F /* KeychainService.swift */,
			);
			path = Utils;
			sourceTree = "<group>";
		};
/* End PBXGroup section */

/* Begin PBXNativeTarget section */
		489BBEF43042987700F4828F /* MovieExplorer */ = {
			isa = PBXNativeTarget;
			buildConfigurationList = 489BBF003042987800F4828F /* Build configuration list for PBXNativeTarget "MovieExplorer" */;
			buildPhases = (
				489BBEF13042987700F4828F /* Sources */,
				489BBEF23042987700F4828F /* Frameworks */,
				489BBEF33042987700F4828F /* Resources */,
			);
			buildRules = (
			);
			dependencies = (
			);
			fileSystemSynchronizedGroups = (
				489BBEF73042987700F4828F /* MovieExplorer */,
			);
			name = MovieExplorer;
			packageProductDependencies = (
			);
			productName = MovieExplorer;
			productReference = 489BBEF53042987700F4828F /* MovieExplorer.app */;
			productType = "com.apple.product-type.application";
		};
/* End PBXNativeTarget section */

/* Begin PBXProject section */
		489BBEED3042987700F4828F /* Project object */ = {
			isa = PBXProject;
			attributes = {
				BuildIndependentTargetsInParallel = 1;
				LastSwiftUpdateCheck = 2660;
				LastUpgradeCheck = 2660;
				TargetAttributes = {
					489BBEF43042987700F4828F = {
						CreatedOnToolsVersion = 26.6;
					};
				};
			};
			buildConfigurationList = 489BBEF03042987700F4828F /* Build configuration list for PBXProject "MovieExplorer" */;
			developmentRegion = en;
			hasScannedForEncodings = 0;
			knownRegions = (
				en,
				Base,
			);
			mainGroup = 489BBEEC3042987700F4828F;
			minimizedProjectReferenceProxies = 1;
			preferredProjectObjectVersion = 77;
			productRefGroup = 489BBEF63042987700F4828F /* Products */;
			projectDirPath = "";
			projectRoot = "";
			targets = (
				489BBEF43042987700F4828F /* MovieExplorer */,
			);
		};
/* End PBXProject section */

/* Begin PBXResourcesBuildPhase section */
		489BBEF33042987700F4828F /* Resources */ = {
			isa = PBXResourcesBuildPhase;
			buildActionMask = 2147483647;
			files = (
			);
			runOnlyForDeploymentPostprocessing = 0;
		};
/* End PBXResourcesBuildPhase section */

/* Begin PBXSourcesBuildPhase section */
		489BBEF13042987700F4828F /* Sources */ = {
			isa = PBXSourcesBuildPhase;
			buildActionMask = 2147483647;
			files = (
				489BBF3C3043F57600F4828F /* MovieDetailView.swift in Sources */,
				489BBF1330431AAA00F4828F /* Movie.swift in Sources */,
				489BBF463043FF5400F4828F /* FavoritesView.swift in Sources */,
				489BBF1430431AAA00F4828F /* MovieService.swift in Sources */,
				489BBF1530431AAA00F4828F /* MovieViewModel.swift in Sources */,
				489BBF2430432C8400F4828F /* HomeView.swift in Sources */,
				489BBF2230432C7D00F4828F /* RegisterView.swift in Sources */,
				489BBF4D304405BC00F4828F /* ProfileRow.swift in Sources */,
				489BBF3E3043F9BC00F4828F /* VideoPlayerScreen.swift in Sources */,
				489BBF4B3043FF7700F4828F /* ProfileView.swift in Sources */,
				489BBF1630431AAA00F4828F /* MovieRowView.swift in Sources */,
				489BBF50304ADE9400F4828F /* KeychainService.swift in Sources */,
				489BBF2930432D0800F4828F /* UserStorageService.swift in Sources */,
				489BBF12304318BB00F4828F /* MovieListView.swift in Sources */,
				489BBF2030432C7000F4828F /* LoginView.swift in Sources */,
				489BBF1A30432C3400F4828F /* User.swift in Sources */,
				489BBF2B30432D2100F4828F /* RegisterViewModel.swift in Sources */,
				489BBF2F30432D4400F4828F /* LoginViewModel.swift in Sources */,
			);
			runOnlyForDeploymentPostprocessing = 0;
		};
/* End PBXSourcesBuildPhase section */

/* Begin XCBuildConfiguration section */
		489BBEFE3042987800F4828F /* Debug */ = {
			isa = XCBuildConfiguration;
			buildSettings = {
				ALWAYS_SEARCH_USER_PATHS = NO;
				ASSETCATALOG_COMPILER_GENERATE_SWIFT_ASSET_SYMBOL_EXTENSIONS = YES;
				CLANG_ANALYZER_NONNULL = YES;
				CLANG_ANALYZER_NUMBER_OBJECT_CONVERSION = YES_AGGRESSIVE;
				CLANG_CXX_LANGUAGE_STANDARD = "gnu++20";
				CLANG_ENABLE_MODULES = YES;
				CLANG_ENABLE_OBJC_ARC = YES;
				CLANG_ENABLE_OBJC_WEAK = YES;
				CLANG_WARN_BLOCK_CAPTURE_AUTORELEASING = YES;
				CLANG_WARN_BOOL_CONVERSION = YES;
				CLANG_WARN_COMMA = YES;
				CLANG_WARN_CONSTANT_CONVERSION = YES;
				CLANG_WARN_DEPRECATED_OBJC_IMPLEMENTATIONS = YES;
				CLANG_WARN_DIRECT_OBJC_ISA_USAGE = YES_ERROR;
				CLANG_WARN_DOCUMENTATION_COMMENTS = YES;
				CLANG_WARN_EMPTY_BODY = YES;
				CLANG_WARN_ENUM_CONVERSION = YES;
				CLANG_WARN_INFINITE_RECURSION = YES;
				CLANG_WARN_INT_CONVERSION = YES;
				CLANG_WARN_NON_LITERAL_NULL_CONVERSION = YES;
				CLANG_WARN_OBJC_IMPLICIT_RETAIN_SELF = YES;
				CLANG_WARN_OBJC_LITERAL_CONVERSION = YES;
				CLANG_WARN_OBJC_ROOT_CLASS = YES_ERROR;
				CLANG_WARN_QUOTED_INCLUDE_IN_FRAMEWORK_HEADER = YES;
				CLANG_WARN_RANGE_LOOP_ANALYSIS = YES;
				CLANG_WARN_STRICT_PROTOTYPES = YES;
				CLANG_WARN_SUSPICIOUS_MOVE = YES;
				CLANG_WARN_UNGUARDED_AVAILABILITY = YES_AGGRESSIVE;
				CLANG_WARN_UNREACHABLE_CODE = YES;
				CLANG_WARN__DUPLICATE_METHOD_MATCH = YES;
				COPY_PHASE_STRIP = NO;
				DEBUG_INFORMATION_FORMAT = dwarf;
				ENABLE_STRICT_OBJC_MSGSEND = YES;
				ENABLE_TESTABILITY = YES;
				ENABLE_USER_SCRIPT_SANDBOXING = YES;
				GCC_C_LANGUAGE_STANDARD = gnu17;
				GCC_DYNAMIC_NO_PIC = NO;
				GCC_NO_COMMON_BLOCKS = YES;
				GCC_OPTIMIZATION_LEVEL = 0;
				GCC_PREPROCESSOR_DEFINITIONS = (
					"DEBUG=1",
					"$(inherited)",
				);
				GCC_WARN_64_TO_32_BIT_CONVERSION = YES;
				GCC_WARN_ABOUT_RETURN_TYPE = YES_ERROR;
				GCC_WARN_UNDECLARED_SELECTOR = YES;
				GCC_WARN_UNINITIALIZED_AUTOS = YES_AGGRESSIVE;
				GCC_WARN_UNUSED_FUNCTION = YES;
				GCC_WARN_UNUSED_VARIABLE = YES;
				IPHONEOS_DEPLOYMENT_TARGET = 26.5;
				LOCALIZATION_PREFERS_STRING_CATALOGS = YES;
				MTL_ENABLE_DEBUG_INFO = INCLUDE_SOURCE;
				MTL_FAST_MATH = YES;
				ONLY_ACTIVE_ARCH = YES;
				SDKROOT = iphoneos;
				SWIFT_ACTIVE_COMPILATION_CONDITIONS = "DEBUG $(inherited)";
				SWIFT_OPTIMIZATION_LEVEL = "-Onone";
			};
			name = Debug;
		};
		489BBEFF3042987800F4828F /* Release */ = {
			isa = XCBuildConfiguration;
			buildSettings = {
				ALWAYS_SEARCH_USER_PATHS = NO;
				ASSETCATALOG_COMPILER_GENERATE_SWIFT_ASSET_SYMBOL_EXTENSIONS = YES;
				CLANG_ANALYZER_NONNULL = YES;
				CLANG_ANALYZER_NUMBER_OBJECT_CONVERSION = YES_AGGRESSIVE;
				CLANG_CXX_LANGUAGE_STANDARD = "gnu++20";
				CLANG_ENABLE_MODULES = YES;
				CLANG_ENABLE_OBJC_ARC = YES;
				CLANG_ENABLE_OBJC_WEAK = YES;
				CLANG_WARN_BLOCK_CAPTURE_AUTORELEASING = YES;
				CLANG_WARN_BOOL_CONVERSION = YES;
				CLANG_WARN_COMMA = YES;
				CLANG_WARN_CONSTANT_CONVERSION = YES;
				CLANG_WARN_DEPRECATED_OBJC_IMPLEMENTATIONS = YES;
				CLANG_WARN_DIRECT_OBJC_ISA_USAGE = YES_ERROR;
				CLANG_WARN_DOCUMENTATION_COMMENTS = YES;
				CLANG_WARN_EMPTY_BODY = YES;
				CLANG_WARN_ENUM_CONVERSION = YES;
				CLANG_WARN_INFINITE_RECURSION = YES;
				CLANG_WARN_INT_CONVERSION = YES;
				CLANG_WARN_NON_LITERAL_NULL_CONVERSION = YES;
				CLANG_WARN_OBJC_IMPLICIT_RETAIN_SELF = YES;
				CLANG_WARN_OBJC_LITERAL_CONVERSION = YES;
				CLANG_WARN_OBJC_ROOT_CLASS = YES_ERROR;
				CLANG_WARN_QUOTED_INCLUDE_IN_FRAMEWORK_HEADER = YES;
				CLANG_WARN_RANGE_LOOP_ANALYSIS = YES;
				CLANG_WARN_STRICT_PROTOTYPES = YES;
				CLANG_WARN_SUSPICIOUS_MOVE = YES;
				CLANG_WARN_UNGUARDED_AVAILABILITY = YES_AGGRESSIVE;
				CLANG_WARN_UNREACHABLE_CODE = YES;
				CLANG_WARN__DUPLICATE_METHOD_MATCH = YES;
				COPY_PHASE_STRIP = NO;
				DEBUG_INFORMATION_FORMAT = "dwarf-with-dsym";
				ENABLE_NS_ASSERTIONS = NO;
				ENABLE_STRICT_OBJC_MSGSEND = YES;
				ENABLE_USER_SCRIPT_SANDBOXING = YES;
				GCC_C_LANGUAGE_STANDARD = gnu17;
				GCC_NO_COMMON_BLOCKS = YES;
				GCC_WARN_64_TO_32_BIT_CONVERSION = YES;
				GCC_WARN_ABOUT_RETURN_TYPE = YES_ERROR;
				GCC_WARN_UNDECLARED_SELECTOR = YES;
				GCC_WARN_UNINITIALIZED_AUTOS = YES_AGGRESSIVE;
				GCC_WARN_UNUSED_FUNCTION = YES;
				GCC_WARN_UNUSED_VARIABLE = YES;
				IPHONEOS_DEPLOYMENT_TARGET = 26.5;
				LOCALIZATION_PREFERS_STRING_CATALOGS = YES;
				MTL_ENABLE_DEBUG_INFO = NO;
				MTL_FAST_MATH = YES;
				SDKROOT = iphoneos;
				SWIFT_COMPILATION_MODE = wholemodule;
				VALIDATE_PRODUCT = YES;
			};
			name = Release;
		};
		489BBF013042987800F4828F /* Debug */ = {
			isa = XCBuildConfiguration;
			buildSettings = {
				ASSETCATALOG_COMPILER_APPICON_NAME = AppIcon;
				ASSETCATALOG_COMPILER_GLOBAL_ACCENT_COLOR_NAME = AccentColor;
				CODE_SIGN_STYLE = Automatic;
				CURRENT_PROJECT_VERSION = 1;
				ENABLE_PREVIEWS = YES;
				GENERATE_INFOPLIST_FILE = YES;
				INFOPLIST_KEY_UIApplicationSceneManifest_Generation = YES;
				INFOPLIST_KEY_UIApplicationSupportsIndirectInputEvents = YES;
				INFOPLIST_KEY_UILaunchScreen_Generation = YES;
				INFOPLIST_KEY_UISupportedInterfaceOrientations_iPad = "UIInterfaceOrientationPortrait UIInterfaceOrientationPortraitUpsideDown UIInterfaceOrientationLandscapeLeft UIInterfaceOrientationLandscapeRight";
				INFOPLIST_KEY_UISupportedInterfaceOrientations_iPhone = "UIInterfaceOrientationPortrait UIInterfaceOrientationLandscapeLeft UIInterfaceOrientationLandscapeRight";
				LD_RUNPATH_SEARCH_PATHS = (
					"$(inherited)",
					"@executable_path/Frameworks",
				);
				MARKETING_VERSION = 1.0;
				PRODUCT_BUNDLE_IDENTIFIER = com.robosoft.MovieExplorer;
				PRODUCT_NAME = "$(TARGET_NAME)";
				STRING_CATALOG_GENERATE_SYMBOLS = YES;
				SWIFT_APPROACHABLE_CONCURRENCY = YES;
				SWIFT_DEFAULT_ACTOR_ISOLATION = MainActor;
				SWIFT_EMIT_LOC_STRINGS = YES;
				SWIFT_UPCOMING_FEATURE_MEMBER_IMPORT_VISIBILITY = YES;
				SWIFT_VERSION = 5.0;
				TARGETED_DEVICE_FAMILY = "1,2";
			};
			name = Debug;
		};
		489BBF023042987800F4828F /* Release */ = {
			isa = XCBuildConfiguration;
			buildSettings = {
				ASSETCATALOG_COMPILER_APPICON_NAME = AppIcon;
				ASSETCATALOG_COMPILER_GLOBAL_ACCENT_COLOR_NAME = AccentColor;
				CODE_SIGN_STYLE = Automatic;
				CURRENT_PROJECT_VERSION = 1;
				ENABLE_PREVIEWS = YES;
				GENERATE_INFOPLIST_FILE = YES;
				INFOPLIST_KEY_UIApplicationSceneManifest_Generation = YES;
				INFOPLIST_KEY_UIApplicationSupportsIndirectInputEvents = YES;
				INFOPLIST_KEY_UILaunchScreen_Generation = YES;
				INFOPLIST_KEY_UISupportedInterfaceOrientations_iPad = "UIInterfaceOrientationPortrait UIInterfaceOrientationPortraitUpsideDown UIInterfaceOrientationLandscapeLeft UIInterfaceOrientationLandscapeRight";
				INFOPLIST_KEY_UISupportedInterfaceOrientations_iPhone = "UIInterfaceOrientationPortrait UIInterfaceOrientationLandscapeLeft UIInterfaceOrientationLandscapeRight";
				LD_RUNPATH_SEARCH_PATHS = (
					"$(inherited)",
					"@executable_path/Frameworks",
				);
				MARKETING_VERSION = 1.0;
				PRODUCT_BUNDLE_IDENTIFIER = com.robosoft.MovieExplorer;
				PRODUCT_NAME = "$(TARGET_NAME)";
				STRING_CATALOG_GENERATE_SYMBOLS = YES;
				SWIFT_APPROACHABLE_CONCURRENCY = YES;
				SWIFT_DEFAULT_ACTOR_ISOLATION = MainActor;
				SWIFT_EMIT_LOC_STRINGS = YES;
				SWIFT_UPCOMING_FEATURE_MEMBER_IMPORT_VISIBILITY = YES;
				SWIFT_VERSION = 5.0;
				TARGETED_DEVICE_FAMILY = "1,2";
			};
			name = Release;
		};
/* End XCBuildConfiguration section */

/* Begin XCConfigurationList section */
		489BBEF03042987700F4828F /* Build configuration list for PBXProject "MovieExplorer" */ = {
			isa = XCConfigurationList;
			buildConfigurations = (
				489BBEFE3042987800F4828F /* Debug */,
				489BBEFF3042987800F4828F /* Release */,
			);
			defaultConfigurationIsVisible = 0;
			defaultConfigurationName = Release;
		};
		489BBF003042987800F4828F /* Build configuration list for PBXNativeTarget "MovieExplorer" */ = {
			isa = XCConfigurationList;
			buildConfigurations = (
				489BBF013042987800F4828F /* Debug */,
				489BBF023042987800F4828F /* Release */,
			);
			defaultConfigurationIsVisible = 0;
			defaultConfigurationName = Release;
		};
/* End XCConfigurationList section */
	};
	rootObject = 489BBEED3042987700F4828F /* Project object */;
}
